
Microsoft Visual Studio Solution File, Format Version 12.00
# Visual Studio 15
VisualStudioVersion = 15.0.28307.271
MinimumVisualStudioVersion = 10.0.40219.1
Project("{FAE04EC0-301F-11D3-BF4B-00C04F79EFBC}") = "SherrilynFrondozo.Web", "SherrilynFrondozo.Web\SherrilynFrondozo.Web.csproj", "{33A75876-1F75-438D-81BF-9C72830DA310}"
EndProject
Global
	GlobalSection(SolutionConfigurationPlatforms) = preSolution
		Debug|Any CPU = Debug|Any CPU
		Release|Any CPU = Release|Any CPU
	EndGlobalSection
	GlobalSection(ProjectConfigurationPlatforms) = postSolution
		{33A75876-1F75-438D-81BF-9C72830DA310}.Debug|Any CPU.ActiveCfg = Debug|Any CPU
		{33A75876-1F75-438D-81BF-9C72830DA310}.Debug|Any CPU.Build.0 = Debug|Any CPU
		{33A75876-1F75-438D-81BF-9C72830DA310}.Release|Any CPU.ActiveCfg = Release|Any CPU
		{33A75876-1F75-438D-81BF-9C72830DA310}.Release|Any CPU.Build.0 = Release|Any CPU
	EndGlobalSection
	GlobalSection(SolutionProperties) = preSolution
		HideSolutionNode = FALSE
	EndGlobalSection
	GlobalSection(ExtensibilityGlobals) = postSolution
		SolutionGuid = {79ED63B6-F01E-49ED-982A-E9E8A3B9E3EC}
	EndGlobalSection
EndGlobal
